{
  "meteor": {
    "git": "https://github.com/meteor/meteor.git",
    "branch": "master",
    "commit": "2d8b41a87cec884489ead138b5dfea31487363f3"
  },
  "dependencies": {
    "basePackages": {
      "router": {},
      "bootstrap-datepicker": {
        "git": "https://github.com/ideiudicibus/bootstrap-datepicker.git",
        "branch": "master"
      },
      "simple-i18n": {},
      "groups": {}
    },
    "packages": {
      "router": {
        "git": "https://github.com/tmeasday/meteor-router.git",
        "tag": "v0.4.2",
        "commit": "82d2895847502b4025370523dba60d597cff4772"
      },
      "bootstrap-datepicker": {
        "git": "https://github.com/ideiudicibus/bootstrap-datepicker.git",
        "branch": "master",
        "commit": "5b8b05dc778d47986de68ecf193083b26589c5b1"
      },
      "simple-i18n": {
        "git": "https://github.com/txgruppi/meteor-simple-i18n.git",
        "tag": "v0.1.6",
        "commit": "15e9bf500c0dd9fd977f98b9b4fe5749ea7686dd"
      },
      "groups": {
        "git": "https://github.com/possibilities/meteor-groups.git",
        "tag": "v0.0.6",
        "commit": "ee45c3fbdb84313f6f0124ed30e02e101d3829cb"
      },
      "page-js-ie-support": {
        "git": "https://github.com/tmeasday/meteor-page-js-ie-support.git",
        "tag": "v1.3.5",
        "commit": "b99ed8380aefd10b2afc8f18d9eed4dd0d8ea9cb"
      },
      "underscore-string": {
        "git": "https://github.com/possibilities/meteor-underscore-string.git",
        "tag": "v2.2.0rc.1",
        "commit": "dec21fac23310daf76dc19f246749e7beb48af03"
      }
    }
  }
}
